
Microsoft Visual Studio Solution File, Format Version 12.00
# Visual Studio Version 17
VisualStudioVersion = 17.14.36915.13 d17.14
MinimumVisualStudioVersion = 10.0.40219.1
Project("{FAE04EC0-301F-11D3-BF4B-00C04F79EFBC}") = "PokemonBattle", "PokemonBattle.csproj", "{BFC352AA-82B7-4478-87EC-0E280A5E3925}"
EndProject
Global
	GlobalSection(SolutionConfigurationPlatforms) = preSolution
		Debug|Any CPU = Debug|Any CPU
		Release|Any CPU = Release|Any CPU
	EndGlobalSection
	GlobalSection(ProjectConfigurationPlatforms) = postSolution
		{BFC352AA-82B7-4478-87EC-0E280A5E3925}.Debug|Any CPU.ActiveCfg = Debug|Any CPU
		{BFC352AA-82B7-4478-87EC-0E280A5E3925}.Debug|Any CPU.Build.0 = Debug|Any CPU
		{BFC352AA-82B7-4478-87EC-0E280A5E3925}.Release|Any CPU.ActiveCfg = Release|Any CPU
		{BFC352AA-82B7-4478-87EC-0E280A5E3925}.Release|Any CPU.Build.0 = Release|Any CPU
	EndGlobalSection
	GlobalSection(SolutionProperties) = preSolution
		HideSolutionNode = FALSE
	EndGlobalSection
	GlobalSection(ExtensibilityGlobals) = postSolution
		SolutionGuid = {ACD69837-8D6E-40F6-ACB0-F41523360959}
	EndGlobalSection
EndGlobal
